// !$*UTF8*$!
{
	archiveVersion = 1;
	classes = {
	};
	objectVersion = 46;
	objects = {

/* Begin PBXBuildFile section */
		4430AD761AD5677D003E1444 /* AppDelegate.swift in Sources */ = {isa = PBXBuildFile; fileRef = 4430AD751AD5677D003E1444 /* AppDelegate.swift */; };
		4430AD781AD5677D003E1444 /* ViewController.swift in Sources */ = {isa = PBXBuildFile; fileRef = 4430AD771AD5677D003E1444 /* ViewController.swift */; };
		4430AD7B1AD5677D003E1444 /* Main.storyboard in Resources */ = {isa = PBXBuildFile; fileRef = 4430AD791AD5677D003E1444 /* Main.storyboard */; };
		4430AD7D1AD5677D003E1444 /* Images.xcassets in Resources */ = {isa = PBXBuildFile; fileRef = 4430AD7C1AD5677D003E1444 /* Images.xcassets */; };
		4430AD801AD5677D003E1444 /* LaunchScreen.xib in Resources */ = {isa = PBXBuildFile; fileRef = 4430AD7E1AD5677D003E1444 /* LaunchScreen.xib */; };
		4430AD8C1AD5677D003E1444 /* EmptyTestProjectTests.swift in Sources */ = {isa = PBXBuildFile; fileRef = 4430AD8B1AD5677D003E1444 /* EmptyTestProjectTests.swift */; };
/* End PBXBuildFile section */

/* Begin PBXContainerItemProxy section */
		4430AD861AD5677D003E1444 /* PBXContainerItemProxy */ = {
			isa = PBXContainerItemProxy;
			containerPortal = 4430AD681AD5677D003E1444 /* Project object */;
			proxyType = 1;
			remoteGlobalIDString = 4430AD6F1AD5677D003E1444;
			remoteInfo = EmptyTestProject;
		};
/* End PBXContainerItemProxy section */

/* Begin PBXFileReference section */
		4430AD701AD5677D003E1444 /* EmptyTestProject.app */ = {isa = PBXFileReference; explicitFileType = wrapper.application; includeInIndex = 0; path = EmptyTestProject.app; sourceTree = BUILT_PRODUCTS_DIR; };
		4430AD741AD5677D003E1444 /* Info.plist */ = {isa = PBXFileReference; lastKnownFileType = text.plist.xml; path = Info.plist; sourceTree = "<group>"; };
		4430AD751AD5677D003E1444 /* AppDelegate.swift */ = {isa = PBXFileReference; lastKnownFileType = sourcecode.swift; path = AppDelegate.swift; sourceTree = "<group>"; };
		4430AD771AD5677D003E1444 /* ViewController.swift */ = {isa = PBXFileReference; lastKnownFileType = sourcecode.swift; path = ViewController.swift; sourceTree = "<group>"; };
		4430AD7A1AD5677D003E1444 /* Base */ = {isa = PBXFileReference; lastKnownFileType = file.storyboard; name = Base; path = Base.lproj/Main.storyboard; sourceTree = "<group>"; };
		4430AD7C1AD5677D003E1444 /* Images.xcassets */ = {isa = PBXFileReference; lastKnownFileType = folder.assetcatalog; path = Images.xcassets; sourceTree = "<group>"; };
		4430AD7F1AD5677D003E1444 /* Base */ = {isa = PBXFileReference; lastKnownFileType = file.xib; name = Base; path = Base.lproj/LaunchScreen.xib; sourceTree = "<group>"; };
		4430AD851AD5677D003E1444 /* EmptyTestProjectTests.xctest */ = {isa = PBXFileReference; explicitFileType = wrapper.cfbundle; includeInIndex = 0; path = EmptyTestProjectTests.xctest; sourceTree = BUILT_PRODUCTS_DIR; };
		4430AD8A1AD5677D003E1444 /* Info.plist */ = {isa = PBXFileReference; lastKnownFileType = text.plist.xml; path = Info.plist; sourceTree = "<group>"; };
		4430AD8B1AD5677D003E1444 /* EmptyTestProjectTests.swift */ = {isa = PBXFileReference; lastKnownFileType = sourcecode.swift; path = EmptyTestProjectTests.swift; sourceTree = "<group>"; };
/* End PBXFileReference section */

/* Begin PBXFrameworksBuildPhase section */
		4430AD6D1AD5677D003E1444 /* Frameworks */ = {
			isa = PBXFrameworksBuildPhase;
			buildActionMask = 2147483647;
			files = (
			);
			runOnlyForDeploymentPostprocessing = 0;
		};
		4430AD821AD5677D003E1444 /* Frameworks */ = {
			isa = PBXFrameworksBuildPhase;
			buildActionMask = 2147483647;
			files = (
			);
			runOnlyForDeploymentPostprocessing = 0;
		};
/* End PBXFrameworksBuildPhase section */

/* Begin PBXGroup section */
		4430AD671AD5677D003E1444 = {
			isa = PBXGroup;
			children = (
				4430AD721AD5677D003E1444 /* EmptyTestProject */,
				4430AD881AD5677D003E1444 /* EmptyTestProjectTests */,
				4430AD711AD5677D003E1444 /* Products */,
			);
			sourceTree = "<group>";
		};
		4430AD711AD5677D003E1444 /* Products */ = {
			isa = PBXGroup;
			children = (
				4430AD701AD5677D003E1444 /* EmptyTestProject.app */,
				4430AD851AD5677D003E1444 /* EmptyTestProjectTests.xctest */,
			);
			name = Products;
			sourceTree = "<group>";
		};
		4430AD721AD5677D003E1444 /* EmptyTestProject */ = {
			isa = PBXGroup;
			children = (
				4430AD751AD5677D003E1444 /* AppDelegate.swift */,
				4430AD771AD5677D003E1444 /* ViewController.swift */,
				4430AD791AD5677D003E1444 /* Main.storyboard */,
				4430AD7C1AD5677D003E1444 /* Images.xcassets */,
				4430AD7E1AD5677D003E1444 /* LaunchScreen.xib */,
				4430AD731AD5677D003E1444 /* Supporting Files */,
			);
			path = EmptyTestProject;
			sourceTree = "<group>";
		};
		4430AD731AD5677D003E1444 /* Supporting Files */ = {
			isa = PBXGroup;
			children = (
				4430AD741AD5677D003E1444 /* Info.plist */,
			);
			name = "Supporting Files";
			sourceTree = "<group>";
		};
		4430AD881AD5677D003E1444 /* EmptyTestProjectTests */ = {
			isa = PBXGroup;
			children = (
				4430AD8B1AD5677D003E1444 /* EmptyTestProjectTests.swift */,
				4430AD891AD5677D003E1444 /* Supporting Files */,
			);
			path = EmptyTestProjectTests;
			sourceTree = "<group>";
		};
		4430AD891AD5677D003E1444 /* Supporting Files */ = {
			isa = PBXGroup;
			children = (
				4430AD8A1AD5677D003E1444 /* Info.plist */,
			);
			name = "Supporting Files";
			sourceTree = "<group>";
		};
/* End PBXGroup section */

/* Begin PBXNativeTarget section */
		4430AD6F1AD5677D003E1444 /* EmptyTestProject */ = {
			isa = PBXNativeTarget;
			buildConfigurationList = 4430AD8F1AD5677D003E1444 /* Build configuration list for PBXNativeTarget "EmptyTestProject" */;
			buildPhases = (
				4430AD6C1AD5677D003E1444 /* Sources */,
				4430AD6D1AD5677D003E1444 /* Frameworks */,
				4430AD6E1AD5677D003E1444 /* Resources */,
			);
			buildRules = (
			);
			dependencies = (
			);
			name = EmptyTestProject;
			productName = EmptyTestProject;
			productReference = 4430AD701AD5677D003E1444 /* EmptyTestProject.app */;
			productType = "com.apple.product-type.application";
		};
		4430AD841AD5677D003E1444 /* EmptyTestProjectTests */ = {
			isa = PBXNativeTarget;
			buildConfigurationList = 4430AD921AD5677D003E1444 /* Build configuration list for PBXNativeTarget "EmptyTestProjectTests" */;
			buildPhases = (
				4430AD811AD5677D003E1444 /* Sources */,
				4430AD821AD5677D003E1444 /* Frameworks */,
				4430AD831AD5677D003E1444 /* Resources */,
			);
			buildRules = (
			);
			dependencies = (
				4430AD871AD5677D003E1444 /* PBXTargetDependency */,
			);
			name = EmptyTestProjectTests;
			productName = EmptyTestProjectTests;
			productReference = 4430AD851AD5677D003E1444 /* EmptyTestProjectTests.xctest */;
			productType = "com.apple.product-type.bundle.unit-test";
		};
/* End PBXNativeTarget section */

/* Begin PBXProject section */
		4430AD681AD5677D003E1444 /* Project object */ = {
			isa = PBXProject;
			attributes = {
				LastUpgradeCheck = 0620;
				ORGANIZATIONNAME = "Annie Lo";
				TargetAttributes = {
					4430AD6F1AD5677D003E1444 = {
						CreatedOnToolsVersion = 6.2;
						DevelopmentTeam = 93SE2VPUSF;
					};
					4430AD841AD5677D003E1444 = {
						CreatedOnToolsVersion = 6.2;
						TestTargetID = 4430AD6F1AD5677D003E1444;
					};
				};
			};
			buildConfigurationList = 4430AD6B1AD5677D003E1444 /* Build configuration list for PBXProject "EmptyTestProject" */;
			compatibilityVersion = "Xcode 3.2";
			developmentRegion = English;
			hasScannedForEncodings = 0;
			knownRegions = (
				en,
				Base,
			);
			mainGroup = 4430AD671AD5677D003E1444;
			productRefGroup = 4430AD711AD5677D003E1444 /* Products */;
			projectDirPath = "";
			projectRoot = "";
			targets = (
				4430AD6F1AD5677D003E1444 /* EmptyTestProject */,
				4430AD841AD5677D003E1444 /* EmptyTestProjectTests */,
			);
		};
/* End PBXProject section */

/* Begin PBXResourcesBuildPhase section */
		4430AD6E1AD5677D003E1444 /* Resources */ = {
			isa = PBXResourcesBuildPhase;
			buildActionMask = 2147483647;
			files = (
				4430AD7B1AD5677D003E1444 /* Main.storyboard in Resources */,
				4430AD801AD5677D003E1444 /* LaunchScreen.xib in Resources */,
				4430AD7D1AD5677D003E1444 /* Images.xcassets in Resources */,
			);
			runOnlyForDeploymentPostprocessing = 0;
		};
		4430AD831AD5677D003E1444 /* Resources */ = {
			isa = PBXResourcesBuildPhase;
			buildActionMask = 2147483647;
			files = (
			);
			runOnlyForDeploymentPostprocessing = 0;
		};
/* End PBXResourcesBuildPhase section */

/* Begin PBXSourcesBuildPhase section */
		4430AD6C1AD5677D003E1444 /* Sources */ = {
			isa = PBXSourcesBuildPhase;
			buildActionMask = 2147483647;
			files = (
				4430AD781AD5677D003E1444 /* ViewController.swift in Sources */,
				4430AD761AD5677D003E1444 /* AppDelegate.swift in Sources */,
			);
			runOnlyForDeploymentPostprocessing = 0;
		};
		4430AD811AD5677D003E1444 /* Sources */ = {
			isa = PBXSourcesBuildPhase;
			buildActionMask = 2147483647;
			files = (
				4430AD8C1AD5677D003E1444 /* EmptyTestProjectTests.swift in Sources */,
			);
			runOnlyForDeploymentPostprocessing = 0;
		};
/* End PBXSourcesBuildPhase section */

/* Begin PBXTargetDependency section */
		4430AD871AD5677D003E1444 /* PBXTargetDependency */ = {
			isa = PBXTargetDependency;
			target = 4430AD6F1AD5677D003E1444 /* EmptyTestProject */;
			targetProxy = 4430AD861AD5677D003E1444 /* PBXContainerItemProxy */;
		};
/* End PBXTargetDependency section */

/* Begin PBXVariantGroup section */
		4430AD791AD5677D003E1444 /* Main.storyboard */ = {
			isa = PBXVariantGroup;
			children = (
				4430AD7A1AD5677D003E1444 /* Base */,
			);
			name = Main.storyboard;
			sourceTree = "<group>";
		};
		4430AD7E1AD5677D003E1444 /* LaunchScreen.xib */ = {
			isa = PBXVariantGroup;
			children = (
				4430AD7F1AD5677D003E1444 /* Base */,
			);
			name = LaunchScreen.xib;
			sourceTree = "<group>";
		};
/* End PBXVariantGroup section */

/* Begin XCBuildConfiguration section */
		4430AD8D1AD5677D003E1444 /* Debug */ = {
			isa = XCBuildConfiguration;
			buildSettings = {
				ALWAYS_SEARCH_USER_PATHS = NO;
				CLANG_CXX_LANGUAGE_STANDARD = "gnu++0x";
				CLANG_CXX_LIBRARY = "libc++";
				CLANG_ENABLE_MODULES = YES;
				CLANG_ENABLE_OBJC_ARC = YES;
				CLANG_WARN_BOOL_CONVERSION = YES;
				CLANG_WARN_CONSTANT_CONVERSION = YES;
				CLANG_WARN_DIRECT_OBJC_ISA_USAGE = YES_ERROR;
				CLANG_WARN_EMPTY_BODY = YES;
				CLANG_WARN_ENUM_CONVERSION = YES;
				CLANG_WARN_INT_CONVERSION = YES;
				CLANG_WARN_OBJC_ROOT_CLASS = YES_ERROR;
				CLANG_WARN_UNREACHABLE_CODE = YES;
				CLANG_WARN__DUPLICATE_METHOD_MATCH = YES;
				"CODE_SIGN_IDENTITY[sdk=iphoneos*]" = "iPhone Developer";
				COPY_PHASE_STRIP = NO;
				ENABLE_STRICT_OBJC_MSGSEND = YES;
				GCC_C_LANGUAGE_STANDARD = gnu99;
				GCC_DYNAMIC_NO_PIC = NO;
				GCC_OPTIMIZATION_LEVEL = 0;
				GCC_PREPROCESSOR_DEFINITIONS = (
					"DEBUG=1",
					"$(inherited)",
				);
				GCC_SYMBOLS_PRIVATE_EXTERN = NO;
				GCC_WARN_64_TO_32_BIT_CONVERSION = YES;
				GCC_WARN_ABOUT_RETURN_TYPE = YES_ERROR;
				GCC_WARN_UNDECLARED_SELECTOR = YES;
				GCC_WARN_UNINITIALIZED_AUTOS = YES_AGGRESSIVE;
				GCC_WARN_UNUSED_FUNCTION = YES;
				GCC_WARN_UNUSED_VARIABLE = YES;
				IPHONEOS_DEPLOYMENT_TARGET = 8.2;
				MTL_ENABLE_DEBUG_INFO = YES;
				ONLY_ACTIVE_ARCH = YES;
				SDKROOT = iphoneos;
				SWIFT_OPTIMIZATION_LEVEL = "-Onone";
				TARGETED_DEVICE_FAMILY = "1,2";
			};
			name = Debug;
		};
		4430AD8E1AD5677D003E1444 /* Release */ = {
			isa = XCBuildConfiguration;
			buildSettings = {
				ALWAYS_SEARCH_USER_PATHS = NO;
				CLANG_CXX_LANGUAGE_STANDARD = "gnu++0x";
				CLANG_CXX_LIBRARY = "libc++";
				CLANG_ENABLE_MODULES = YES;
				CLANG_ENABLE_OBJC_ARC = YES;
				CLANG_WARN_BOOL_CONVERSION = YES;
				CLANG_WARN_CONSTANT_CONVERSION = YES;
				CLANG_WARN_DIRECT_OBJC_ISA_USAGE = YES_ERROR;
				CLANG_WARN_EMPTY_BODY = YES;
				CLANG_WARN_ENUM_CONVERSION = YES;
				CLANG_WARN_INT_CONVERSION = YES;
				CLANG_WARN_OBJC_ROOT_CLASS = YES_ERROR;
				CLANG_WARN_UNREACHABLE_CODE = YES;
				CLANG_WARN__DUPLICATE_METHOD_MATCH = YES;
				"CODE_SIGN_IDENTITY[sdk=iphoneos*]" = "iPhone Developer";
				COPY_PHASE_STRIP = NO;
				ENABLE_NS_ASSERTIONS = NO;
				ENABLE_STRICT_OBJC_MSGSEND = YES;
				GCC_C_LANGUAGE_STANDARD = gnu99;
				GCC_WARN_64_TO_32_BIT_CONVERSION = YES;
				GCC_WARN_ABOUT_RETURN_TYPE = YES_ERROR;
				GCC_WARN_UNDECLARED_SELECTOR = YES;
				GCC_WARN_UNINITIALIZED_AUTOS = YES_AGGRESSIVE;
				GCC_WARN_UNUSED_FUNCTION = YES;
				GCC_WARN_UNUSED_VARIABLE = YES;
				IPHONEOS_DEPLOYMENT_TARGET = 8.2;
				MTL_ENABLE_DEBUG_INFO = NO;
				SDKROOT = iphoneos;
				TARGETED_DEVICE_FAMILY = "1,2";
				VALIDATE_PRODUCT = YES;
			};
			name = Release;
		};
		4430AD901AD5677D003E1444 /* Debug */ = {
			isa = XCBuildConfiguration;
			buildSettings = {
				ASSETCATALOG_COMPILER_APPICON_NAME = AppIcon;
				CODE_SIGN_IDENTITY = "iPhone Developer";
				INFOPLIST_FILE = EmptyTestProject/Info.plist;
				LD_RUNPATH_SEARCH_PATHS = "$(inherited) @executable_path/Frameworks";
				PRODUCT_NAME = "$(TARGET_NAME)";
			};
			name = Debug;
		};
		4430AD911AD5677D003E1444 /* Release */ = {
			isa = XCBuildConfiguration;
			buildSettings = {
				ASSETCATALOG_COMPILER_APPICON_NAME = AppIcon;
				CODE_SIGN_IDENTITY = "iPhone Developer";
				INFOPLIST_FILE = EmptyTestProject/Info.plist;
				LD_RUNPATH_SEARCH_PATHS = "$(inherited) @executable_path/Frameworks";
				PRODUCT_NAME = "$(TARGET_NAME)";
			};
			name = Release;
		};
		4430AD931AD5677D003E1444 /* Debug */ = {
			isa = XCBuildConfiguration;
			buildSettings = {
				BUNDLE_LOADER = "$(TEST_HOST)";
				FRAMEWORK_SEARCH_PATHS = (
					"$(SDKROOT)/Developer/Library/Frameworks",
					"$(inherited)",
				);
				GCC_PREPROCESSOR_DEFINITIONS = (
					"DEBUG=1",
					"$(inherited)",
				);
				INFOPLIST_FILE = EmptyTestProjectTests/Info.plist;
				LD_RUNPATH_SEARCH_PATHS = "$(inherited) @executable_path/Frameworks @loader_path/Frameworks";
				PRODUCT_NAME = "$(TARGET_NAME)";
				TEST_HOST = "$(BUILT_PRODUCTS_DIR)/EmptyTestProject.app/EmptyTestProject";
			};
			name = Debug;
		};
		4430AD941AD5677D003E1444 /* Release */ = {
			isa = XCBuildConfiguration;
			buildSettings = {
				BUNDLE_LOADER = "$(TEST_HOST)";
				FRAMEWORK_SEARCH_PATHS = (
					"$(SDKROOT)/Developer/Library/Frameworks",
					"$(inherited)",
				);
				INFOPLIST_FILE = EmptyTestProjectTests/Info.plist;
				LD_RUNPATH_SEARCH_PATHS = "$(inherited) @executable_path/Frameworks @loader_path/Frameworks";
				PRODUCT_NAME = "$(TARGET_NAME)";
				TEST_HOST = "$(BUILT_PRODUCTS_DIR)/EmptyTestProject.app/EmptyTestProject";
			};
			name = Release;
		};
/* End XCBuildConfiguration section */

/* Begin XCConfigurationList section */
		4430AD6B1AD5677D003E1444 /* Build configuration list for PBXProject "EmptyTestProject" */ = {
			isa = XCConfigurationList;
			buildConfigurations = (
				4430AD8D1AD5677D003E1444 /* Debug */,
				4430AD8E1AD5677D003E1444 /* Release */,
			);
			defaultConfigurationIsVisible = 0;
			defaultConfigurationName = Release;
		};
		4430AD8F1AD5677D003E1444 /* Build configuration list for PBXNativeTarget "EmptyTestProject" */ = {
			isa = XCConfigurationList;
			buildConfigurations = (
				4430AD901AD5677D003E1444 /* Debug */,
				4430AD911AD5677D003E1444 /* Release */,
			);
			defaultConfigurationIsVisible = 0;
		};
		4430AD921AD5677D003E1444 /* Build configuration list for PBXNativeTarget "EmptyTestProjectTests" */ = {
			isa = XCConfigurationList;
			buildConfigurations = (
				4430AD931AD5677D003E1444 /* Debug */,
				4430AD941AD5677D003E1444 /* Release */,
			);
			defaultConfigurationIsVisible = 0;
		};
/* End XCConfigurationList section */
	};
	rootObject = 4430AD681AD5677D003E1444 /* Project object */;
}
